
Microsoft Visual Studio Solution File, Format Version 12.00
# Visual Studio Version 17
VisualStudioVersion = 17.14.36705.20
MinimumVisualStudioVersion = 10.0.40219.1
Project("{FAE04EC0-301F-11D3-BF4B-00C04F79EFBC}") = "MediaNirvana", "MediaNirvana\MediaNirvana.csproj", "{8AED423C-9DF4-4752-B505-A806A9AD05EB}"
EndProject
Project("{FAE04EC0-301F-11D3-BF4B-00C04F79EFBC}") = "Infrastructure", "Infrastructure\Infrastructure.csproj", "{E2273C33-3D83-48DA-9062-4E6C66331B38}"
EndProject
Project("{FAE04EC0-301F-11D3-BF4B-00C04F79EFBC}") = "RealizationMVVM", "RealizationMVVM\RealizationMVVM.csproj", "{50929273-1D0A-469D-B413-AAC0556CE81B}"
EndProject
Project("{FAE04EC0-301F-11D3-BF4B-00C04F79EFBC}") = "UI", "UI\UI.csproj", "{19ABEBF0-27B0-480F-B8AE-F7D689BC4787}"
EndProject
Project("{FAE04EC0-301F-11D3-BF4B-00C04F79EFBC}") = "MainComponents", "MainComponents\MainComponents.csproj", "{88FE5950-D293-4019-9C66-03526E782DA5}"
EndProject
Project("{FAE04EC0-301F-11D3-BF4B-00C04F79EFBC}") = "Dialogs", "Dialogs\Dialogs.csproj", "{9DFD194C-B117-4B24-B86A-DF4CCB19259B}"
EndProject
Global
	GlobalSection(SolutionConfigurationPlatforms) = preSolution
		Debug|Any CPU = Debug|Any CPU
		Release|Any CPU = Release|Any CPU
	EndGlobalSection
	GlobalSection(ProjectConfigurationPlatforms) = postSolution
		{8AED423C-9DF4-4752-B505-A806A9AD05EB}.Debug|Any CPU.ActiveCfg = Debug|Any CPU
		{8AED423C-9DF4-4752-B505-A806A9AD05EB}.Debug|Any CPU.Build.0 = Debug|Any CPU
		{8AED423C-9DF4-4752-B505-A806A9AD05EB}.Release|Any CPU.ActiveCfg = Release|Any CPU
		{8AED423C-9DF4-4752-B505-A806A9AD05EB}.Release|Any CPU.Build.0 = Release|Any CPU
		{E2273C33-3D83-48DA-9062-4E6C66331B38}.Debug|Any CPU.ActiveCfg = Debug|Any CPU
		{E2273C33-3D83-48DA-9062-4E6C66331B38}.Debug|Any CPU.Build.0 = Debug|Any CPU
		{E2273C33-3D83-48DA-9062-4E6C66331B38}.Release|Any CPU.ActiveCfg = Release|Any CPU
		{E2273C33-3D83-48DA-9062-4E6C66331B38}.Release|Any CPU.Build.0 = Release|Any CPU
		{50929273-1D0A-469D-B413-AAC0556CE81B}.Debug|Any CPU.ActiveCfg = Debug|Any CPU
		{50929273-1D0A-469D-B413-AAC0556CE81B}.Debug|Any CPU.Build.0 = Debug|Any CPU
		{50929273-1D0A-469D-B413-AAC0556CE81B}.Release|Any CPU.ActiveCfg = Release|Any CPU
		{50929273-1D0A-469D-B413-AAC0556CE81B}.Release|Any CPU.Build.0 = Release|Any CPU
		{19ABEBF0-27B0-480F-B8AE-F7D689BC4787}.Debug|Any CPU.ActiveCfg = Debug|Any CPU
		{19ABEBF0-27B0-480F-B8AE-F7D689BC4787}.Debug|Any CPU.Build.0 = Debug|Any CPU
		{19ABEBF0-27B0-480F-B8AE-F7D689BC4787}.Release|Any CPU.ActiveCfg = Release|Any CPU
		{19ABEBF0-27B0-480F-B8AE-F7D689BC4787}.Release|Any CPU.Build.0 = Release|Any CPU
		{88FE5950-D293-4019-9C66-03526E782DA5}.Debug|Any CPU.ActiveCfg = Debug|Any CPU
		{88FE5950-D293-4019-9C66-03526E782DA5}.Debug|Any CPU.Build.0 = Debug|Any CPU
		{88FE5950-D293-4019-9C66-03526E782DA5}.Release|Any CPU.ActiveCfg = Release|Any CPU
		{88FE5950-D293-4019-9C66-03526E782DA5}.Release|Any CPU.Build.0 = Release|Any CPU
		{9DFD194C-B117-4B24-B86A-DF4CCB19259B}.Debug|Any CPU.ActiveCfg = Debug|Any CPU
		{9DFD194C-B117-4B24-B86A-DF4CCB19259B}.Debug|Any CPU.Build.0 = Debug|Any CPU
		{9DFD194C-B117-4B24-B86A-DF4CCB19259B}.Release|Any CPU.ActiveCfg = Release|Any CPU
		{9DFD194C-B117-4B24-B86A-DF4CCB19259B}.Release|Any CPU.Build.0 = Release|Any CPU
	EndGlobalSection
	GlobalSection(SolutionProperties) = preSolution
		HideSolutionNode = FALSE
	EndGlobalSection
	GlobalSection(ExtensibilityGlobals) = postSolution
		SolutionGuid = {4D4EE5D8-1F04-48FC-9397-477DC0433992}
	EndGlobalSection
EndGlobal
